
Microsoft Visual Studio Solution File, Format Version 12.00
# Visual Studio Version 16
VisualStudioVersion = 16.0.32228.343
MinimumVisualStudioVersion = 10.0.40219.1
Project("{888888A0-9F3D-457C-B088-3A5042F75D52}") = "example2", "example2\example2.pyproj", "{B10A806A-88C1-410E-B30F-BDB1A879A460}"
EndProject
Global
	GlobalSection(SolutionConfigurationPlatforms) = preSolution
		Debug|Any CPU = Debug|Any CPU
		Release|Any CPU = Release|Any CPU
	EndGlobalSection
	GlobalSection(ProjectConfigurationPlatforms) = postSolution
		{B10A806A-88C1-410E-B30F-BDB1A879A460}.Debug|Any CPU.ActiveCfg = Debug|Any CPU
		{B10A806A-88C1-410E-B30F-BDB1A879A460}.Debug|Any CPU.Build.0 = Debug|Any CPU
		{B10A806A-88C1-410E-B30F-BDB1A879A460}.Release|Any CPU.ActiveCfg = Release|Any CPU
		{B10A806A-88C1-410E-B30F-BDB1A879A460}.Release|Any CPU.Build.0 = Release|Any CPU
	EndGlobalSection
	GlobalSection(SolutionProperties) = preSolution
		HideSolutionNode = FALSE
	EndGlobalSection
	GlobalSection(ExtensibilityGlobals) = postSolution
		SolutionGuid = {1D39CDBD-B127-4132-9372-2076EDA0A17C}
	EndGlobalSection
EndGlobal
