
Microsoft Visual Studio Solution File, Format Version 12.00
# Visual Studio Version 16
VisualStudioVersion = 16.0.32228.343
MinimumVisualStudioVersion = 10.0.40219.1
Project("{888888A0-9F3D-457C-B088-3A5042F75D52}") = "add1", "add1\add1.pyproj", "{98F8AFF0-19B7-4579-8696-67A130016256}"
EndProject
Global
	GlobalSection(SolutionConfigurationPlatforms) = preSolution
		Debug|Any CPU = Debug|Any CPU
		Release|Any CPU = Release|Any CPU
	EndGlobalSection
	GlobalSection(ProjectConfigurationPlatforms) = postSolution
		{98F8AFF0-19B7-4579-8696-67A130016256}.Debug|Any CPU.ActiveCfg = Debug|Any CPU
		{98F8AFF0-19B7-4579-8696-67A130016256}.Debug|Any CPU.Build.0 = Debug|Any CPU
		{98F8AFF0-19B7-4579-8696-67A130016256}.Release|Any CPU.ActiveCfg = Release|Any CPU
		{98F8AFF0-19B7-4579-8696-67A130016256}.Release|Any CPU.Build.0 = Release|Any CPU
	EndGlobalSection
	GlobalSection(SolutionProperties) = preSolution
		HideSolutionNode = FALSE
	EndGlobalSection
	GlobalSection(ExtensibilityGlobals) = postSolution
		SolutionGuid = {422D1525-03C7-4B97-8C0F-BACB60D6AA1D}
	EndGlobalSection
EndGlobal
